<Solution>
  <Folder Name="/.sln/">
    <File Path="../.gitignore" />
    <File Path="../logo.png" />
    <File Path="../README.md" />
    <File Path="Directory.Build.props" />
  </Folder>
  <Folder Name="/tests/">
    <Project Path="tests/Morphant.Generator.IntegrationTests.CSharp9/Morphant.Generator.IntegrationTests.CSharp9.csproj" />
    <Project Path="tests/Morphant.Generator.IntegrationTests.Latest/Morphant.Generator.IntegrationTests.Latest.csproj" />
    <Project Path="tests/Morphant.Generator.IntegrationTests/Morphant.Generator.IntegrationTests.csproj" />
    <Project Path="tests/Morphant.Generator.UnitTests.TestAssets/Morphant.Generator.UnitTests.TestAssets.csproj" />
    <Project Path="tests/Morphant.Generator.UnitTests/Morphant.Generator.UnitTests.csproj" />
  </Folder>
  <Project Path="Morphant.Generator/Morphant.Generator.csproj" />
  <Project Path="Morphant/Morphant.csproj" />
</Solution>
